
Microsoft Visual Studio Solution File, Format Version 12.00
# Visual Studio 14
VisualStudioVersion = 14.0.22609.0
MinimumVisualStudioVersion = 10.0.40219.1
Project("{FAE04EC0-301F-11D3-BF4B-00C04F79EFBC}") = "Mean.io.netWebAPI", "Mean.io.netWebAPI\Mean.io.netWebAPI.csproj", "{A8848175-1565-44BA-9F62-2A5866E641D4}"
EndProject
Project("{FAE04EC0-301F-11D3-BF4B-00C04F79EFBC}") = "Mean.io.Interfaces", "Mean.io.Interfaces\Mean.io.Interfaces.csproj", "{1DEA305E-C4C3-4971-AF77-E7046C828A44}"
EndProject
Project("{FAE04EC0-301F-11D3-BF4B-00C04F79EFBC}") = "Mean.io.DataServices.MongoDB", "Mean.io.DataServices.MongoDB\Mean.io.DataServices.MongoDB.csproj", "{F40614E5-1621-40A6-AAAC-3D84F5488A7A}"
EndProject
Global
	GlobalSection(SolutionConfigurationPlatforms) = preSolution
		Debug|Any CPU = Debug|Any CPU
		Release|Any CPU = Release|Any CPU
	EndGlobalSection
	GlobalSection(ProjectConfigurationPlatforms) = postSolution
		{A8848175-1565-44BA-9F62-2A5866E641D4}.Debug|Any CPU.ActiveCfg = Debug|Any CPU
		{A8848175-1565-44BA-9F62-2A5866E641D4}.Debug|Any CPU.Build.0 = Debug|Any CPU
		{A8848175-1565-44BA-9F62-2A5866E641D4}.Release|Any CPU.ActiveCfg = Release|Any CPU
		{A8848175-1565-44BA-9F62-2A5866E641D4}.Release|Any CPU.Build.0 = Release|Any CPU
		{1DEA305E-C4C3-4971-AF77-E7046C828A44}.Debug|Any CPU.ActiveCfg = Debug|Any CPU
		{1DEA305E-C4C3-4971-AF77-E7046C828A44}.Debug|Any CPU.Build.0 = Debug|Any CPU
		{1DEA305E-C4C3-4971-AF77-E7046C828A44}.Release|Any CPU.ActiveCfg = Release|Any CPU
		{1DEA305E-C4C3-4971-AF77-E7046C828A44}.Release|Any CPU.Build.0 = Release|Any CPU
		{F40614E5-1621-40A6-AAAC-3D84F5488A7A}.Debug|Any CPU.ActiveCfg = Debug|Any CPU
		{F40614E5-1621-40A6-AAAC-3D84F5488A7A}.Debug|Any CPU.Build.0 = Debug|Any CPU
		{F40614E5-1621-40A6-AAAC-3D84F5488A7A}.Release|Any CPU.ActiveCfg = Release|Any CPU
		{F40614E5-1621-40A6-AAAC-3D84F5488A7A}.Release|Any CPU.Build.0 = Release|Any CPU
	EndGlobalSection
	GlobalSection(SolutionProperties) = preSolution
		HideSolutionNode = FALSE
	EndGlobalSection
EndGlobal
